{
  "version": "5",
  "specifiers": {
    "jsr:@std/internal@^1.0.10": "1.0.12",
    "jsr:@std/path@1.1.2": "1.1.2",
    "npm:tracer@^1.3.0": "1.3.0"
  },
  "jsr": {
    "@std/internal@1.0.12": {
      "integrity": "972a634fd5bc34b242024402972cd5143eac68d8dffaca5eaa4dba30ce17b027"
    },
    "@std/path@1.1.2": {
      "integrity": "c0b13b97dfe06546d5e16bf3966b1cadf92e1cc83e56ba5476ad8b498d9e3038",
      "dependencies": [
        "jsr:@std/internal"
      ]
    }
  },
  "npm": {
    "colors@1.4.0": {
      "integrity": "sha512-a+UqTh4kgZg/SlGvfbzDHpgRu7AAQOmmqRHJnxhRZICKFUT91brVhNNt58CMWU9PsBbv3PDCZUHbVxuDiH2mtA=="
    },
    "dateformat@4.5.1": {
      "integrity": "sha512-OD0TZ+B7yP7ZgpJf5K2DIbj3FZvFvxgFUuaqA/V5zTjAtAAXZ1E8bktHxmAGs4x5b7PflqA9LeQ84Og7wYtF7Q=="
    },
    "mkdirp@1.0.4": {
      "integrity": "sha512-vVqVZQyf3WLx2Shd0qJ9xuvqgAyKPLAiqITEtqW0oIUjzo3PePDd6fW9iFz30ef7Ysp/oiWqbhszeGWW2T6Gzw==",
      "bin": true
    },
    "tinytim@0.1.1": {
      "integrity": "sha512-NIpsp9lBIxPNzB++HnMmUd4byzJSVbbO4F+As1Gb1IG/YQT5QvmBDjpx8SpDS8fhGC+t+Qw8ldQgbcAIaU+2cA=="
    },
    "tracer@1.3.0": {
      "integrity": "sha512-8G2okIuUNThM1W8HU9YUCsQgxROw9VpewE2f8Tsw3B90b0acvBiATqnUIvv07qG/aBTs7ALDr7tLVUVD86kPPA==",
      "dependencies": [
        "colors",
        "dateformat",
        "mkdirp",
        "tinytim"
      ]
    }
  },
  "redirects": {
    "https://lib.deno.dev/x/grammy@v1/mod.ts": "https://deno.land/x/grammy@v1.39.3/mod.ts",
    "https://lib.deno.dev/x/grammy@v1/types.ts": "https://deno.land/x/grammy@v1.39.3/types.ts"
  },
  "remote": {
    "https://cdn.skypack.dev/-/debug@v4.4.3-Brh22weuCvWY3rcSd25Q/dist=es2019,mode=imports/optimized/debug.js": "931098fa073c5244168f500d7eecf16557a6ff58fdefe079384f427b8d0ac915",
    "https://cdn.skypack.dev/-/ms@v2.1.3-dWyghJmVCt8Lp5D9h2ww/dist=es2019,mode=imports/optimized/ms.js": "fd88e2d51900437011f1ad232f3393ce97db1b87a7844b3c58dd6d65562c1276",
    "https://cdn.skypack.dev/debug@4.4.3": "4be25679f8af63e0d2f06afee7f8c1411f1c3144be3d3e96ab31e198e4a6d5cd",
    "https://deno.land/x/grammy@v1.39.3/bot.ts": "91c8c20937a9c5a9a3c1b3bac8ac404225a0bf3bcace3538d64577dc18fe2a1d",
    "https://deno.land/x/grammy@v1.39.3/composer.ts": "4fcfc5c5b68107c0e0f24a9b00a5f3cf8d4ed0adee964be17005d96782e09562",
    "https://deno.land/x/grammy@v1.39.3/context.ts": "516b53dabb753334b48d8162c7ed7ef9640a362050e5385ec0e00507a47bfa62",
    "https://deno.land/x/grammy@v1.39.3/convenience/constants.ts": "1560129784be52f49aa0bea8716f09ed00dac367fef195be6a2c09bdfc43fb99",
    "https://deno.land/x/grammy@v1.39.3/convenience/frameworks.ts": "15fd69f479a749446a2c5a953c5d66a64542bc87d8b43b18419ee5dd57c8b5de",
    "https://deno.land/x/grammy@v1.39.3/convenience/inline_query.ts": "409d1940c7670708064efa495003bcbfdf6763a756b2e6303c464489fd3394ff",
    "https://deno.land/x/grammy@v1.39.3/convenience/input_media.ts": "7af72a5fdb1af0417e31b1327003f536ddfdf64e06ab8bc7f5da6b574de38658",
    "https://deno.land/x/grammy@v1.39.3/convenience/keyboard.ts": "dc5d3f53d0f6a15600ced9b40c85debe55a5d381436826b4cdede18c84bd6bae",
    "https://deno.land/x/grammy@v1.39.3/convenience/session.ts": "5e4b976528a0b3d7893645ac23e2e35e78671af578a3aed5efb4b621e7e9b6da",
    "https://deno.land/x/grammy@v1.39.3/convenience/webhook.ts": "d49c6be23398782670b1b03c84dfa64391686301640e2966b6dab5bba1537bf6",
    "https://deno.land/x/grammy@v1.39.3/core/api.ts": "ac9bdb3be2c99c82387aad90df42933278e78c92216f6737bebf701deb69f929",
    "https://deno.land/x/grammy@v1.39.3/core/client.ts": "f0acb24fc16a7a41727db4de0799f4153fe3b8d9571931dbbaa89da97030bcae",
    "https://deno.land/x/grammy@v1.39.3/core/error.ts": "5245f18f273da6be364f525090c24d2e9a282c180904f674f66946f2b2556247",
    "https://deno.land/x/grammy@v1.39.3/core/payload.ts": "5e27679acca66cbca981e2b77b206da3efe262f69d4638290b3567f514f50a0e",
    "https://deno.land/x/grammy@v1.39.3/filter.ts": "9d1d0f7f27b8613e5da58291ea5c3c90fc1cd5239736a3e4e3e8cb53aeca0ad9",
    "https://deno.land/x/grammy@v1.39.3/mod.ts": "a973e356760eed1b58bc89280e6eb41bbdf74035f6348c08d6cebf50da1dac34",
    "https://deno.land/x/grammy@v1.39.3/platform.deno.ts": "bff65a7efb99b4645ad20d7c4041a61b7faf55b14261ee75363d9bd0c6d7ee8a",
    "https://deno.land/x/grammy@v1.39.3/types.deno.ts": "bdc1b34fcac3fcaff6536e314c0219ccb55dcef5e32255274950b27bc9311433",
    "https://deno.land/x/grammy@v1.39.3/types.ts": "729415590dfa188dbe924dea614dff4e976babdbabb28a307b869fc25777cdf0",
    "https://deno.land/x/grammy_runner@v2.0.3/deps.deno.ts": "bbbaffd1020e0c91acacf02fbc43cdaee04f1d63446cb6a42255d36a0c0e86d4",
    "https://deno.land/x/grammy_runner@v2.0.3/distribute.ts": "318ed928c437ce0a09956abfa40c0b937bb507dc276bc3db5d571e15a4d1ede1",
    "https://deno.land/x/grammy_runner@v2.0.3/mod.ts": "53c08b39527b0b47ffdf4c5996bc3cfbac802ab37074a7b900b2a63d3db273d3",
    "https://deno.land/x/grammy_runner@v2.0.3/platform.deno.ts": "5990d453979176708af79baea54ba2bc4bdc662079f088ce7668b9f4d1962b8c",
    "https://deno.land/x/grammy_runner@v2.0.3/queue.ts": "d715f98096405c558c2657ef245b5acd1b5de916eed39dbad1399db18e57e0f7",
    "https://deno.land/x/grammy_runner@v2.0.3/runner.ts": "2600b9bd39e724d5c629c94e541f497868dfde6cf55be7745dc1d777c8a8b180",
    "https://deno.land/x/grammy_runner@v2.0.3/sequentialize.ts": "137764a109ff3fe4bc8809b6d1d8865ed5c2ad8b649e7553b10302d70bf2e7fb",
    "https://deno.land/x/grammy_runner@v2.0.3/sink.ts": "4c0acb814dee97ffffaea145413b53ccf64c0b00f105b0993383f25111ed8702",
    "https://deno.land/x/grammy_runner@v2.0.3/source.ts": "68ce5aefa92205db4710c8ac313e0c8e8c2577dd1b88f350b32ee33549188d01",
    "https://deno.land/x/grammy_runner@v2.0.3/worker.ts": "b6f88b9fde15a8dd892c8d4781e8010ef37b80faf04d6ad18db4a43e4faa42ad",
    "https://deno.land/x/grammy_types@v3.23.0/api.ts": "ae04d6628e3d25ae805bc07a19475065044fc44cde0a40877405bc3544d03a5f",
    "https://deno.land/x/grammy_types@v3.23.0/checklist.ts": "f34524dbc847284f661c93145263585db8a6da93d465e2a129b15011a109b726",
    "https://deno.land/x/grammy_types@v3.23.0/inline.ts": "2d829b18a4cb65d111d1ad984db012b6d9e68f4cfa65349c31410dfc735e968b",
    "https://deno.land/x/grammy_types@v3.23.0/langs.ts": "5f5fd09c58ba3ae942dd7cea2696f95587d2032c1829bba4bca81762b7ef73b6",
    "https://deno.land/x/grammy_types@v3.23.0/manage.ts": "cc1889661772c4538147febb9ac07ce06992aa4d1d5c238995ff8fe39c1066d2",
    "https://deno.land/x/grammy_types@v3.23.0/markup.ts": "bf335100384fedd89fd2975ba9d5a202ed2fb829c02eb46ed1648ad247818352",
    "https://deno.land/x/grammy_types@v3.23.0/message.ts": "c81494fb38b3a82290bc0da1e184fb2c25d7b95a6932b921d6ee17af8fc68e2e",
    "https://deno.land/x/grammy_types@v3.23.0/methods.ts": "566d85186bdf15dfaab723791522354bd75de328e919d8b9219230b4fdf5752e",
    "https://deno.land/x/grammy_types@v3.23.0/mod.ts": "73efb15e1fb664c99ea32fa707a8cd3ed5ff4a1e21fba2fe1ddc78bb476ef84d",
    "https://deno.land/x/grammy_types@v3.23.0/passport.ts": "19820e7d6c279521f8bc8912d6a378239f73d4ab525453808994b5f44ef95215",
    "https://deno.land/x/grammy_types@v3.23.0/payment.ts": "62c1f38a6bdcbf318066976e141d3b7f34ba8e2deb37f1ce7c86070069d6d5fb",
    "https://deno.land/x/grammy_types@v3.23.0/settings.ts": "9de9c7a850ce2cd4066c09c8b617eda10c0146d67943ddb8b4a01ca79fafaacb",
    "https://deno.land/x/grammy_types@v3.23.0/story.ts": "f558c6e6054a43fa1403c2376f7c0b51e2138f4e0d13f0f6e870ffd1cd085ae2",
    "https://deno.land/x/grammy_types@v3.23.0/update.ts": "71cc0d5ec860149b71415ba03282b1d7edd0466b36e2789521a3b3a3d7796493"
  },
  "workspace": {
    "dependencies": [
      "npm:tracer@^1.3.0"
    ]
  }
}
